hash: dcde4ca5154e6ae408957bc4551705b84db1a4155a61740ff8e5b80be9d2b159
updated: 2019-02-25T15:17:13.612609349-03:00
imports:
- name: github.com/astranet/astranet
  version: e6c2ac6241ffc66e369c8b1464ce590f3391da87
  subpackages:
  - addr
  - glog
  - listener
  - protocol
  - route
  - service
  - skykiss
  - socket
  - transport
- name: github.com/astranet/btree-2d
  version: 4b00686449f2c5e8cea67a72e64db87b5244b1af
  subpackages:
  - lockie
  - util
  - uuid
- name: github.com/boltdb/bolt
  version: 2f1ce7a837dcb8da3ec595b1dac9d0632f0f99e8
- name: github.com/cenk/backoff
  version: 1e4cf3da559842a91afcb6ea6141451e6c30c618
- name: github.com/inconshreveable/mousetrap
  version: 76626ae9c91c4f2a10f34cad8ce83ea42c93bb75
- name: github.com/labstack/echo
  version: 38772c686c76b501f94bd6cd5b77f5842e93b559
  subpackages:
  - middleware
- name: github.com/labstack/gommon
  version: 7fd9f68ece0bcb1a905fac8f1549f0083f71c51b
  subpackages:
  - color
  - log
- name: github.com/mattn/go-colorable
  version: efa589957cd060542a26d2dd7832fd6a6c6c3ade
- name: github.com/mattn/go-isatty
  version: 6ca4dbf54d38eea1a992b3c722a76a5d1c4cb25c
- name: github.com/OSSystems/crosscoap
  version: 288708a6275e752048d1220860882aed819a04a5
- name: github.com/OSSystems/go-coap
  version: f2a4ec53cd348eba18c55a611372ae82332caf52
- name: github.com/satori/go.uuid
  version: b2ce2384e17bbe0c6d34077efa39dbab3e09123b
- name: github.com/serialx/hashring
  version: 49a4782e9908fe098c907022a1bd7519c79803d6
- name: github.com/sirupsen/logrus
  version: 3e01752db0189b9157070a0e1668a620f9a85da2
- name: github.com/spf13/cobra
  version: ef82de70bb3f60c65fb8eebacbb2d122ef517385
- name: github.com/spf13/pflag
  version: 3ebe029320b2676d667ae88da602a5f854788a8a
- name: github.com/valyala/bytebufferpool
  version: cdfbe9377474227bb42120c1e22fd4433e7f69bf
- name: github.com/valyala/fasttemplate
  version: dcecefd839c4193db0d35b88ec65b4c12d360ab0
- name: golang.org/x/crypto
  version: a49355c7e3f8fe157a85be2f77e6e269a0f89602
  subpackages:
  - acme
  - acme/autocert
  - ssh/terminal
- name: golang.org/x/sys
  version: 062cd7e4e68206d8bab9b18396626e855c992658
  subpackages:
  - unix
  - windows
testImports:
- name: github.com/davecgh/go-spew
  version: 346938d642f2ec3594ed81d874461961cd0faa76
  subpackages:
  - spew
- name: github.com/go-test/deep
  version: 6592d9cc0a499ad2d5f574fde80a2b5c5cc3b4f5
- name: github.com/pmezard/go-difflib
  version: 792786c7400a136282c1664665ae0a8db921c6c2
  subpackages:
  - difflib
- name: github.com/stretchr/objx
  version: 477a77ecc69700c7cdeb1fa9e129548e1c1c393c
- name: github.com/stretchr/testify
  version: f35b8ab0b5a2cef36673838d662e249dd9c94686
  subpackages:
  - assert
  - mock
